// !$*UTF8*$!
{
	archiveVersion = 1;
	classes = {
	};
	objectVersion = 46;
	objects = {

/* Begin PBXBuildFile section */
		3CB986E78BA17C23FC655D39 /* Pods_FacebookAPI.framework in Frameworks */ = {isa = PBXBuildFile; fileRef = 2E0E3DB7D652A0F501D4E82D /* Pods_FacebookAPI.framework */; };
		5D3264D61E89A4CD0045B126 /* Stripe.storyboard in Resources */ = {isa = PBXBuildFile; fileRef = 5D3264D51E89A4CD0045B126 /* Stripe.storyboard */; };
		5D3264D81E89A6EA0045B126 /* StripeAuthorizationViewController.swift in Sources */ = {isa = PBXBuildFile; fileRef = 5D3264D71E89A6EA0045B126 /* StripeAuthorizationViewController.swift */; };
		5D3264DC1E89AF5A0045B126 /* HostGoalsViewController.swift in Sources */ = {isa = PBXBuildFile; fileRef = 5D3264DB1E89AF5A0045B126 /* HostGoalsViewController.swift */; };
		5D3264DE1E89B0250045B126 /* HostGoals.storyboard in Resources */ = {isa = PBXBuildFile; fileRef = 5D3264DD1E89B0250045B126 /* HostGoals.storyboard */; };
		5D3264E01E89B0340045B126 /* AttendingGoals.storyboard in Resources */ = {isa = PBXBuildFile; fileRef = 5D3264DF1E89B0340045B126 /* AttendingGoals.storyboard */; };
		5D3264E21E89B0D90045B126 /* AttendingGoalsViewController.swift in Sources */ = {isa = PBXBuildFile; fileRef = 5D3264E11E89B0D90045B126 /* AttendingGoalsViewController.swift */; };
		5D3264E61E89B12D0045B126 /* EventDetail.storyboard in Resources */ = {isa = PBXBuildFile; fileRef = 5D3264E51E89B12D0045B126 /* EventDetail.storyboard */; };
		5D5EC3011E8A2541000D9ADC /* GoalsTableViewCell.swift in Sources */ = {isa = PBXBuildFile; fileRef = 5D5EC3001E8A2541000D9ADC /* GoalsTableViewCell.swift */; };
		5D5EC3031E8A27AD000D9ADC /* PartyItem.swift in Sources */ = {isa = PBXBuildFile; fileRef = 5D5EC3021E8A27AD000D9ADC /* PartyItem.swift */; };
		5DB4B16F1E89D21700D7EF66 /* StripeAPIClient.swift in Sources */ = {isa = PBXBuildFile; fileRef = 5DB4B16E1E89D21700D7EF66 /* StripeAPIClient.swift */; };
		5DB4B1711E89D4AD00D7EF66 /* ConnectToStripeViewController.swift in Sources */ = {isa = PBXBuildFile; fileRef = 5DB4B1701E89D4AD00D7EF66 /* ConnectToStripeViewController.swift */; };
		5DB4B1731E89D76F00D7EF66 /* NetworkManager.swift in Sources */ = {isa = PBXBuildFile; fileRef = 5DB4B1721E89D76F00D7EF66 /* NetworkManager.swift */; };
		5DB4B1751E89D91E00D7EF66 /* StripeConnectManager.swift in Sources */ = {isa = PBXBuildFile; fileRef = 5DB4B1741E89D91E00D7EF66 /* StripeConnectManager.swift */; };
		5DD151441E8B02C100BB07DF /* ContributeToGoalViewController.swift in Sources */ = {isa = PBXBuildFile; fileRef = 5DD151431E8B02C100BB07DF /* ContributeToGoalViewController.swift */; };
		70B253E3E678AC86C25BD6D5 /* Pods_FacebookAPITests.framework in Frameworks */ = {isa = PBXBuildFile; fileRef = 3959D20BE097ED1583CA80A9 /* Pods_FacebookAPITests.framework */; };
		D22C8F5B1E8C49B000275437 /* GoalsTableViewCell.xib in Resources */ = {isa = PBXBuildFile; fileRef = D22C8F5A1E8C49B000275437 /* GoalsTableViewCell.xib */; };
		D234F45D1E8B2B47008E0BD8 /* AddNewItemViewController.swift in Sources */ = {isa = PBXBuildFile; fileRef = D234F45C1E8B2B47008E0BD8 /* AddNewItemViewController.swift */; };
		D283C5D31E88B60000A40FBC /* CoverPhoto.swift in Sources */ = {isa = PBXBuildFile; fileRef = D283C5D21E88B60000A40FBC /* CoverPhoto.swift */; };
		D2CF578A1E83398C00090788 /* AppDelegate.swift in Sources */ = {isa = PBXBuildFile; fileRef = D2CF57891E83398C00090788 /* AppDelegate.swift */; };
		D2CF578C1E83398C00090788 /* ViewController.swift in Sources */ = {isa = PBXBuildFile; fileRef = D2CF578B1E83398C00090788 /* ViewController.swift */; };
		D2CF57911E83398C00090788 /* Assets.xcassets in Resources */ = {isa = PBXBuildFile; fileRef = D2CF57901E83398C00090788 /* Assets.xcassets */; };
		D2CF57941E83398C00090788 /* LaunchScreen.storyboard in Resources */ = {isa = PBXBuildFile; fileRef = D2CF57921E83398C00090788 /* LaunchScreen.storyboard */; };
		D2CF579F1E83398D00090788 /* FacebookAPITests.swift in Sources */ = {isa = PBXBuildFile; fileRef = D2CF579E1E83398D00090788 /* FacebookAPITests.swift */; };
		D2CF57AA1E83430D00090788 /* DetailViewController.swift in Sources */ = {isa = PBXBuildFile; fileRef = D2CF57A91E83430D00090788 /* DetailViewController.swift */; };
		D2CF57AC1E844BB600090788 /* User.swift in Sources */ = {isa = PBXBuildFile; fileRef = D2CF57AB1E844BB600090788 /* User.swift */; };
		D2CF57AE1E844BC300090788 /* Event.swift in Sources */ = {isa = PBXBuildFile; fileRef = D2CF57AD1E844BC300090788 /* Event.swift */; };
		D2CF57B01E844BCE00090788 /* DataManager.swift in Sources */ = {isa = PBXBuildFile; fileRef = D2CF57AF1E844BCE00090788 /* DataManager.swift */; };
		D2CF57B21E848C1E00090788 /* MasterTableViewController.swift in Sources */ = {isa = PBXBuildFile; fileRef = D2CF57B11E848C1E00090788 /* MasterTableViewController.swift */; };
		D2CF57B41E84929600090788 /* Main.storyboard in Resources */ = {isa = PBXBuildFile; fileRef = D2CF57B31E84929600090788 /* Main.storyboard */; };
		D2D0F1871E8894DE000F2205 /* Attendees.swift in Sources */ = {isa = PBXBuildFile; fileRef = D2D0F1861E8894DE000F2205 /* Attendees.swift */; };
		D2D0F1891E8894ED000F2205 /* Admins.swift in Sources */ = {isa = PBXBuildFile; fileRef = D2D0F1881E8894ED000F2205 /* Admins.swift */; };
		DA730B231E8B2D2C00F6D2A1 /* FirebaseManager.swift in Sources */ = {isa = PBXBuildFile; fileRef = DA730B221E8B2D2C00F6D2A1 /* FirebaseManager.swift */; };
		DAF105E91E89B498008F0FD6 /* GoogleService-Info.plist in Resources */ = {isa = PBXBuildFile; fileRef = DAF105E81E89B498008F0FD6 /* GoogleService-Info.plist */; };
		DAF105ED1E89C4F3008F0FD6 /* FirebaseUser.swift in Sources */ = {isa = PBXBuildFile; fileRef = DAF105EC1E89C4F3008F0FD6 /* FirebaseUser.swift */; };
/* End PBXBuildFile section */

/* Begin PBXContainerItemProxy section */
		D2CF579B1E83398D00090788 /* PBXContainerItemProxy */ = {
			isa = PBXContainerItemProxy;
			containerPortal = D2CF577E1E83398C00090788 /* Project object */;
			proxyType = 1;
			remoteGlobalIDString = D2CF57851E83398C00090788;
			remoteInfo = FacebookAPI;
		};
/* End PBXContainerItemProxy section */

/* Begin PBXFileReference section */
		17F04A93C80B417EE080ED97 /* Pods-FacebookAPI.debug.xcconfig */ = {isa = PBXFileReference; includeInIndex = 1; lastKnownFileType = text.xcconfig; name = "Pods-FacebookAPI.debug.xcconfig"; path = "Pods/Target Support Files/Pods-FacebookAPI/Pods-FacebookAPI.debug.xcconfig"; sourceTree = "<group>"; };
		2B51F5717598702748988BF2 /* Pods-FacebookAPITests.debug.xcconfig */ = {isa = PBXFileReference; includeInIndex = 1; lastKnownFileType = text.xcconfig; name = "Pods-FacebookAPITests.debug.xcconfig"; path = "Pods/Target Support Files/Pods-FacebookAPITests/Pods-FacebookAPITests.debug.xcconfig"; sourceTree = "<group>"; };
		2E0E3DB7D652A0F501D4E82D /* Pods_FacebookAPI.framework */ = {isa = PBXFileReference; explicitFileType = wrapper.framework; includeInIndex = 0; path = Pods_FacebookAPI.framework; sourceTree = BUILT_PRODUCTS_DIR; };
		37926D5429B7C1CEEAB3A942 /* Pods-FacebookAPITests.release.xcconfig */ = {isa = PBXFileReference; includeInIndex = 1; lastKnownFileType = text.xcconfig; name = "Pods-FacebookAPITests.release.xcconfig"; path = "Pods/Target Support Files/Pods-FacebookAPITests/Pods-FacebookAPITests.release.xcconfig"; sourceTree = "<group>"; };
		3959D20BE097ED1583CA80A9 /* Pods_FacebookAPITests.framework */ = {isa = PBXFileReference; explicitFileType = wrapper.framework; includeInIndex = 0; path = Pods_FacebookAPITests.framework; sourceTree = BUILT_PRODUCTS_DIR; };
		5D3264D51E89A4CD0045B126 /* Stripe.storyboard */ = {isa = PBXFileReference; fileEncoding = 4; lastKnownFileType = file.storyboard; path = Stripe.storyboard; sourceTree = "<group>"; };
		5D3264D71E89A6EA0045B126 /* StripeAuthorizationViewController.swift */ = {isa = PBXFileReference; fileEncoding = 4; lastKnownFileType = sourcecode.swift; path = StripeAuthorizationViewController.swift; sourceTree = "<group>"; };
		5D3264DB1E89AF5A0045B126 /* HostGoalsViewController.swift */ = {isa = PBXFileReference; fileEncoding = 4; lastKnownFileType = sourcecode.swift; path = HostGoalsViewController.swift; sourceTree = "<group>"; };
		5D3264DD1E89B0250045B126 /* HostGoals.storyboard */ = {isa = PBXFileReference; fileEncoding = 4; lastKnownFileType = file.storyboard; path = HostGoals.storyboard; sourceTree = "<group>"; };
		5D3264DF1E89B0340045B126 /* AttendingGoals.storyboard */ = {isa = PBXFileReference; fileEncoding = 4; lastKnownFileType = file.storyboard; path = AttendingGoals.storyboard; sourceTree = "<group>"; };
		5D3264E11E89B0D90045B126 /* AttendingGoalsViewController.swift */ = {isa = PBXFileReference; fileEncoding = 4; lastKnownFileType = sourcecode.swift; path = AttendingGoalsViewController.swift; sourceTree = "<group>"; };
		5D3264E51E89B12D0045B126 /* EventDetail.storyboard */ = {isa = PBXFileReference; fileEncoding = 4; lastKnownFileType = file.storyboard; path = EventDetail.storyboard; sourceTree = "<group>"; };
		5D5EC3001E8A2541000D9ADC /* GoalsTableViewCell.swift */ = {isa = PBXFileReference; fileEncoding = 4; lastKnownFileType = sourcecode.swift; path = GoalsTableViewCell.swift; sourceTree = "<group>"; };
		5D5EC3021E8A27AD000D9ADC /* PartyItem.swift */ = {isa = PBXFileReference; fileEncoding = 4; lastKnownFileType = sourcecode.swift; path = PartyItem.swift; sourceTree = "<group>"; };
		5DB4B16E1E89D21700D7EF66 /* StripeAPIClient.swift */ = {isa = PBXFileReference; fileEncoding = 4; lastKnownFileType = sourcecode.swift; path = StripeAPIClient.swift; sourceTree = "<group>"; };
		5DB4B1701E89D4AD00D7EF66 /* ConnectToStripeViewController.swift */ = {isa = PBXFileReference; fileEncoding = 4; lastKnownFileType = sourcecode.swift; path = ConnectToStripeViewController.swift; sourceTree = "<group>"; };
		5DB4B1721E89D76F00D7EF66 /* NetworkManager.swift */ = {isa = PBXFileReference; fileEncoding = 4; lastKnownFileType = sourcecode.swift; path = NetworkManager.swift; sourceTree = "<group>"; };
		5DB4B1741E89D91E00D7EF66 /* StripeConnectManager.swift */ = {isa = PBXFileReference; fileEncoding = 4; lastKnownFileType = sourcecode.swift; path = StripeConnectManager.swift; sourceTree = "<group>"; };
		5DD151431E8B02C100BB07DF /* ContributeToGoalViewController.swift */ = {isa = PBXFileReference; fileEncoding = 4; lastKnownFileType = sourcecode.swift; path = ContributeToGoalViewController.swift; sourceTree = "<group>"; };
		CA0C0CDA7F39768C6F6BC99B /* Pods-FacebookAPI.release.xcconfig */ = {isa = PBXFileReference; includeInIndex = 1; lastKnownFileType = text.xcconfig; name = "Pods-FacebookAPI.release.xcconfig"; path = "Pods/Target Support Files/Pods-FacebookAPI/Pods-FacebookAPI.release.xcconfig"; sourceTree = "<group>"; };
		D22C8F5A1E8C49B000275437 /* GoalsTableViewCell.xib */ = {isa = PBXFileReference; fileEncoding = 4; lastKnownFileType = file.xib; path = GoalsTableViewCell.xib; sourceTree = "<group>"; };
		D234F45C1E8B2B47008E0BD8 /* AddNewItemViewController.swift */ = {isa = PBXFileReference; fileEncoding = 4; lastKnownFileType = sourcecode.swift; path = AddNewItemViewController.swift; sourceTree = "<group>"; };
		D283C5D21E88B60000A40FBC /* CoverPhoto.swift */ = {isa = PBXFileReference; fileEncoding = 4; lastKnownFileType = sourcecode.swift; path = CoverPhoto.swift; sourceTree = "<group>"; };
		D2CF57861E83398C00090788 /* FacebookAPI.app */ = {isa = PBXFileReference; explicitFileType = wrapper.application; includeInIndex = 0; path = FacebookAPI.app; sourceTree = BUILT_PRODUCTS_DIR; };
		D2CF57891E83398C00090788 /* AppDelegate.swift */ = {isa = PBXFileReference; lastKnownFileType = sourcecode.swift; path = AppDelegate.swift; sourceTree = "<group>"; };
		D2CF578B1E83398C00090788 /* ViewController.swift */ = {isa = PBXFileReference; lastKnownFileType = sourcecode.swift; path = ViewController.swift; sourceTree = "<group>"; };
		D2CF57901E83398C00090788 /* Assets.xcassets */ = {isa = PBXFileReference; lastKnownFileType = folder.assetcatalog; path = Assets.xcassets; sourceTree = "<group>"; };
		D2CF57931E83398C00090788 /* Base */ = {isa = PBXFileReference; lastKnownFileType = file.storyboard; name = Base; path = Base.lproj/LaunchScreen.storyboard; sourceTree = "<group>"; };
		D2CF57951E83398C00090788 /* Info.plist */ = {isa = PBXFileReference; lastKnownFileType = text.plist.xml; path = Info.plist; sourceTree = "<group>"; };
		D2CF579A1E83398D00090788 /* FacebookAPITests.xctest */ = {isa = PBXFileReference; explicitFileType = wrapper.cfbundle; includeInIndex = 0; path = FacebookAPITests.xctest; sourceTree = BUILT_PRODUCTS_DIR; };
		D2CF579E1E83398D00090788 /* FacebookAPITests.swift */ = {isa = PBXFileReference; lastKnownFileType = sourcecode.swift; path = FacebookAPITests.swift; sourceTree = "<group>"; };
		D2CF57A01E83398D00090788 /* Info.plist */ = {isa = PBXFileReference; lastKnownFileType = text.plist.xml; path = Info.plist; sourceTree = "<group>"; };
		D2CF57A91E83430D00090788 /* DetailViewController.swift */ = {isa = PBXFileReference; fileEncoding = 4; lastKnownFileType = sourcecode.swift; path = DetailViewController.swift; sourceTree = "<group>"; };
		D2CF57AB1E844BB600090788 /* User.swift */ = {isa = PBXFileReference; fileEncoding = 4; lastKnownFileType = sourcecode.swift; path = User.swift; sourceTree = "<group>"; };
		D2CF57AD1E844BC300090788 /* Event.swift */ = {isa = PBXFileReference; fileEncoding = 4; lastKnownFileType = sourcecode.swift; path = Event.swift; sourceTree = "<group>"; };
		D2CF57AF1E844BCE00090788 /* DataManager.swift */ = {isa = PBXFileReference; fileEncoding = 4; lastKnownFileType = sourcecode.swift; path = DataManager.swift; sourceTree = "<group>"; };
		D2CF57B11E848C1E00090788 /* MasterTableViewController.swift */ = {isa = PBXFileReference; fileEncoding = 4; lastKnownFileType = sourcecode.swift; path = MasterTableViewController.swift; sourceTree = "<group>"; };
		D2CF57B31E84929600090788 /* Main.storyboard */ = {isa = PBXFileReference; fileEncoding = 4; lastKnownFileType = file.storyboard; path = Main.storyboard; sourceTree = "<group>"; };
		D2D0F1861E8894DE000F2205 /* Attendees.swift */ = {isa = PBXFileReference; fileEncoding = 4; lastKnownFileType = sourcecode.swift; path = Attendees.swift; sourceTree = "<group>"; };
		D2D0F1881E8894ED000F2205 /* Admins.swift */ = {isa = PBXFileReference; fileEncoding = 4; lastKnownFileType = sourcecode.swift; path = Admins.swift; sourceTree = "<group>"; };
		DA730B221E8B2D2C00F6D2A1 /* FirebaseManager.swift */ = {isa = PBXFileReference; fileEncoding = 4; lastKnownFileType = sourcecode.swift; path = FirebaseManager.swift; sourceTree = "<group>"; };
		DAF105E81E89B498008F0FD6 /* GoogleService-Info.plist */ = {isa = PBXFileReference; fileEncoding = 4; lastKnownFileType = text.plist.xml; path = "GoogleService-Info.plist"; sourceTree = "<group>"; };
		DAF105EC1E89C4F3008F0FD6 /* FirebaseUser.swift */ = {isa = PBXFileReference; fileEncoding = 4; lastKnownFileType = sourcecode.swift; path = FirebaseUser.swift; sourceTree = "<group>"; };
/* End PBXFileReference section */

/* Begin PBXFrameworksBuildPhase section */
		D2CF57831E83398C00090788 /* Frameworks */ = {
			isa = PBXFrameworksBuildPhase;
			buildActionMask = 2147483647;
			files = (
				3CB986E78BA17C23FC655D39 /* Pods_FacebookAPI.framework in Frameworks */,
			);
			runOnlyForDeploymentPostprocessing = 0;
		};
		D2CF57971E83398D00090788 /* Frameworks */ = {
			isa = PBXFrameworksBuildPhase;
			buildActionMask = 2147483647;
			files = (
				70B253E3E678AC86C25BD6D5 /* Pods_FacebookAPITests.framework in Frameworks */,
			);
			runOnlyForDeploymentPostprocessing = 0;
		};
/* End PBXFrameworksBuildPhase section */

/* Begin PBXGroup section */
		0E8B13BAAD031DD5432007AD /* Frameworks */ = {
			isa = PBXGroup;
			children = (
				2E0E3DB7D652A0F501D4E82D /* Pods_FacebookAPI.framework */,
				3959D20BE097ED1583CA80A9 /* Pods_FacebookAPITests.framework */,
			);
			name = Frameworks;
			sourceTree = "<group>";
		};
		524D7A33CEC1588F50B9C06D /* Pods */ = {
			isa = PBXGroup;
			children = (
				17F04A93C80B417EE080ED97 /* Pods-FacebookAPI.debug.xcconfig */,
				CA0C0CDA7F39768C6F6BC99B /* Pods-FacebookAPI.release.xcconfig */,
				2B51F5717598702748988BF2 /* Pods-FacebookAPITests.debug.xcconfig */,
				37926D5429B7C1CEEAB3A942 /* Pods-FacebookAPITests.release.xcconfig */,
			);
			name = Pods;
			sourceTree = "<group>";
		};
		5D3264D21E899D920045B126 /* Models */ = {
			isa = PBXGroup;
			children = (
				D2CF57891E83398C00090788 /* AppDelegate.swift */,
				D2CF57AB1E844BB600090788 /* User.swift */,
				D2CF57AD1E844BC300090788 /* Event.swift */,
				D2CF57AF1E844BCE00090788 /* DataManager.swift */,
				D2D0F1861E8894DE000F2205 /* Attendees.swift */,
				D2D0F1881E8894ED000F2205 /* Admins.swift */,
				D283C5D21E88B60000A40FBC /* CoverPhoto.swift */,
				DAF105EC1E89C4F3008F0FD6 /* FirebaseUser.swift */,
				5DB4B16E1E89D21700D7EF66 /* StripeAPIClient.swift */,
				5DB4B1721E89D76F00D7EF66 /* NetworkManager.swift */,
				5DB4B1741E89D91E00D7EF66 /* StripeConnectManager.swift */,
				5D5EC3021E8A27AD000D9ADC /* PartyItem.swift */,
				DA730B221E8B2D2C00F6D2A1 /* FirebaseManager.swift */,
			);
			name = Models;
			sourceTree = "<group>";
		};
		5D3264D31E899DA90045B126 /* Controllers */ = {
			isa = PBXGroup;
			children = (
				D2CF578B1E83398C00090788 /* ViewController.swift */,
				D2CF57A91E83430D00090788 /* DetailViewController.swift */,
				D2CF57B11E848C1E00090788 /* MasterTableViewController.swift */,
				5D3264DB1E89AF5A0045B126 /* HostGoalsViewController.swift */,
				5D3264E11E89B0D90045B126 /* AttendingGoalsViewController.swift */,
				5DB4B1701E89D4AD00D7EF66 /* ConnectToStripeViewController.swift */,
				5D3264D71E89A6EA0045B126 /* StripeAuthorizationViewController.swift */,
				5DD151431E8B02C100BB07DF /* ContributeToGoalViewController.swift */,
				D234F45C1E8B2B47008E0BD8 /* AddNewItemViewController.swift */,
			);
			name = Controllers;
			sourceTree = "<group>";
		};
		5D3264D41E899DB60045B126 /* StoryBoards */ = {
			isa = PBXGroup;
			children = (
				D2CF57B31E84929600090788 /* Main.storyboard */,
				5D3264DD1E89B0250045B126 /* HostGoals.storyboard */,
				5D3264DF1E89B0340045B126 /* AttendingGoals.storyboard */,
				5D3264D51E89A4CD0045B126 /* Stripe.storyboard */,
				D2CF57921E83398C00090788 /* LaunchScreen.storyboard */,
				5D3264E51E89B12D0045B126 /* EventDetail.storyboard */,
			);
			name = StoryBoards;
			sourceTree = "<group>";
		};
		5D5EC2FF1E8A2522000D9ADC /* Views */ = {
			isa = PBXGroup;
			children = (
				5D5EC3001E8A2541000D9ADC /* GoalsTableViewCell.swift */,
				D22C8F5A1E8C49B000275437 /* GoalsTableViewCell.xib */,
			);
			name = Views;
			sourceTree = "<group>";
		};
		D2CF577D1E83398C00090788 = {
			isa = PBXGroup;
			children = (
				D2CF57881E83398C00090788 /* FacebookAPI */,
				D2CF579D1E83398D00090788 /* FacebookAPITests */,
				D2CF57871E83398C00090788 /* Products */,
				524D7A33CEC1588F50B9C06D /* Pods */,
				0E8B13BAAD031DD5432007AD /* Frameworks */,
			);
			sourceTree = "<group>";
		};
		D2CF57871E83398C00090788 /* Products */ = {
			isa = PBXGroup;
			children = (
				D2CF57861E83398C00090788 /* FacebookAPI.app */,
				D2CF579A1E83398D00090788 /* FacebookAPITests.xctest */,
			);
			name = Products;
			sourceTree = "<group>";
		};
		D2CF57881E83398C00090788 /* FacebookAPI */ = {
			isa = PBXGroup;
			children = (
				D2CF57901E83398C00090788 /* Assets.xcassets */,
				D2CF57951E83398C00090788 /* Info.plist */,
				DAF105E81E89B498008F0FD6 /* GoogleService-Info.plist */,
				5D5EC2FF1E8A2522000D9ADC /* Views */,
				5D3264D41E899DB60045B126 /* StoryBoards */,
				5D3264D31E899DA90045B126 /* Controllers */,
				5D3264D21E899D920045B126 /* Models */,
			);
			path = FacebookAPI;
			sourceTree = "<group>";
		};
		D2CF579D1E83398D00090788 /* FacebookAPITests */ = {
			isa = PBXGroup;
			children = (
				D2CF579E1E83398D00090788 /* FacebookAPITests.swift */,
				D2CF57A01E83398D00090788 /* Info.plist */,
			);
			path = FacebookAPITests;
			sourceTree = "<group>";
		};
/* End PBXGroup section */

/* Begin PBXNativeTarget section */
		D2CF57851E83398C00090788 /* FacebookAPI */ = {
			isa = PBXNativeTarget;
			buildConfigurationList = D2CF57A31E83398D00090788 /* Build configuration list for PBXNativeTarget "FacebookAPI" */;
			buildPhases = (
				42F9E104B3DF12D0DB7C9111 /* [CP] Check Pods Manifest.lock */,
				D2CF57821E83398C00090788 /* Sources */,
				D2CF57831E83398C00090788 /* Frameworks */,
				D2CF57841E83398C00090788 /* Resources */,
				7A257A8957EF708EED70D393 /* [CP] Embed Pods Frameworks */,
				9E3CC402CEB1FBB1F28D9F73 /* [CP] Copy Pods Resources */,
			);
			buildRules = (
			);
			dependencies = (
			);
			name = FacebookAPI;
			productName = FacebookAPI;
			productReference = D2CF57861E83398C00090788 /* FacebookAPI.app */;
			productType = "com.apple.product-type.application";
		};
		D2CF57991E83398D00090788 /* FacebookAPITests */ = {
			isa = PBXNativeTarget;
			buildConfigurationList = D2CF57A61E83398D00090788 /* Build configuration list for PBXNativeTarget "FacebookAPITests" */;
			buildPhases = (
				352FDCCD98E64E49E695E2ED /* [CP] Check Pods Manifest.lock */,
				D2CF57961E83398D00090788 /* Sources */,
				D2CF57971E83398D00090788 /* Frameworks */,
				D2CF57981E83398D00090788 /* Resources */,
				AC81C2ABE825DEFC25166C88 /* [CP] Embed Pods Frameworks */,
				9109DF26EF83DAD449063348 /* [CP] Copy Pods Resources */,
			);
			buildRules = (
			);
			dependencies = (
				D2CF579C1E83398D00090788 /* PBXTargetDependency */,
			);
			name = FacebookAPITests;
			productName = FacebookAPITests;
			productReference = D2CF579A1E83398D00090788 /* FacebookAPITests.xctest */;
			productType = "com.apple.product-type.bundle.unit-test";
		};
/* End PBXNativeTarget section */

/* Begin PBXProject section */
		D2CF577E1E83398C00090788 /* Project object */ = {
			isa = PBXProject;
			attributes = {
				LastSwiftUpdateCheck = 0820;
				LastUpgradeCheck = 0820;
				ORGANIZATIONNAME = "Scott Hetland";
				TargetAttributes = {
					D2CF57851E83398C00090788 = {
						CreatedOnToolsVersion = 8.2.1;
						DevelopmentTeam = WV7WWTD5PV;
						ProvisioningStyle = Automatic;
					};
					D2CF57991E83398D00090788 = {
						CreatedOnToolsVersion = 8.2.1;
						DevelopmentTeam = F9J4B49FUC;
						ProvisioningStyle = Automatic;
						TestTargetID = D2CF57851E83398C00090788;
					};
				};
			};
			buildConfigurationList = D2CF57811E83398C00090788 /* Build configuration list for PBXProject "FacebookAPI" */;
			compatibilityVersion = "Xcode 3.2";
			developmentRegion = English;
			hasScannedForEncodings = 0;
			knownRegions = (
				en,
				Base,
			);
			mainGroup = D2CF577D1E83398C00090788;
			productRefGroup = D2CF57871E83398C00090788 /* Products */;
			projectDirPath = "";
			projectRoot = "";
			targets = (
				D2CF57851E83398C00090788 /* FacebookAPI */,
				D2CF57991E83398D00090788 /* FacebookAPITests */,
			);
		};
/* End PBXProject section */

/* Begin PBXResourcesBuildPhase section */
		D2CF57841E83398C00090788 /* Resources */ = {
			isa = PBXResourcesBuildPhase;
			buildActionMask = 2147483647;
			files = (
				5D3264E01E89B0340045B126 /* AttendingGoals.storyboard in Resources */,
				D2CF57B41E84929600090788 /* Main.storyboard in Resources */,
				DAF105E91E89B498008F0FD6 /* GoogleService-Info.plist in Resources */,
				D22C8F5B1E8C49B000275437 /* GoalsTableViewCell.xib in Resources */,
				5D3264E61E89B12D0045B126 /* EventDetail.storyboard in Resources */,
				D2CF57941E83398C00090788 /* LaunchScreen.storyboard in Resources */,
				5D3264DE1E89B0250045B126 /* HostGoals.storyboard in Resources */,
				D2CF57911E83398C00090788 /* Assets.xcassets in Resources */,
				5D3264D61E89A4CD0045B126 /* Stripe.storyboard in Resources */,
			);
			runOnlyForDeploymentPostprocessing = 0;
		};
		D2CF57981E83398D00090788 /* Resources */ = {
			isa = PBXResourcesBuildPhase;
			buildActionMask = 2147483647;
			files = (
			);
			runOnlyForDeploymentPostprocessing = 0;
		};
/* End PBXResourcesBuildPhase section */

/* Begin PBXShellScriptBuildPhase section */
		352FDCCD98E64E49E695E2ED /* [CP] Check Pods Manifest.lock */ = {
			isa = PBXShellScriptBuildPhase;
			buildActionMask = 2147483647;
			files = (
			);
			inputPaths = (
			);
			name = "[CP] Check Pods Manifest.lock";
			outputPaths = (
			);
			runOnlyForDeploymentPostprocessing = 0;
			shellPath = /bin/sh;
			shellScript = "diff \"${PODS_ROOT}/../Podfile.lock\" \"${PODS_ROOT}/Manifest.lock\" > /dev/null\nif [ $? != 0 ] ; then\n    # print error to STDERR\n    echo \"error: The sandbox is not in sync with the Podfile.lock. Run 'pod install' or update your CocoaPods installation.\" >&2\n    exit 1\nfi\n";
			showEnvVarsInLog = 0;
		};
		42F9E104B3DF12D0DB7C9111 /* [CP] Check Pods Manifest.lock */ = {
			isa = PBXShellScriptBuildPhase;
			buildActionMask = 2147483647;
			files = (
			);
			inputPaths = (
			);
			name = "[CP] Check Pods Manifest.lock";
			outputPaths = (
			);
			runOnlyForDeploymentPostprocessing = 0;
			shellPath = /bin/sh;
			shellScript = "diff \"${PODS_ROOT}/../Podfile.lock\" \"${PODS_ROOT}/Manifest.lock\" > /dev/null\nif [ $? != 0 ] ; then\n    # print error to STDERR\n    echo \"error: The sandbox is not in sync with the Podfile.lock. Run 'pod install' or update your CocoaPods installation.\" >&2\n    exit 1\nfi\n";
			showEnvVarsInLog = 0;
		};
		7A257A8957EF708EED70D393 /* [CP] Embed Pods Frameworks */ = {
			isa = PBXShellScriptBuildPhase;
			buildActionMask = 2147483647;
			files = (
			);
			inputPaths = (
			);
			name = "[CP] Embed Pods Frameworks";
			outputPaths = (
			);
			runOnlyForDeploymentPostprocessing = 0;
			shellPath = /bin/sh;
			shellScript = "\"${SRCROOT}/Pods/Target Support Files/Pods-FacebookAPI/Pods-FacebookAPI-frameworks.sh\"\n";
			showEnvVarsInLog = 0;
		};
		9109DF26EF83DAD449063348 /* [CP] Copy Pods Resources */ = {
			isa = PBXShellScriptBuildPhase;
			buildActionMask = 2147483647;
			files = (
			);
			inputPaths = (
			);
			name = "[CP] Copy Pods Resources";
			outputPaths = (
			);
			runOnlyForDeploymentPostprocessing = 0;
			shellPath = /bin/sh;
			shellScript = "\"${SRCROOT}/Pods/Target Support Files/Pods-FacebookAPITests/Pods-FacebookAPITests-resources.sh\"\n";
			showEnvVarsInLog = 0;
		};
		9E3CC402CEB1FBB1F28D9F73 /* [CP] Copy Pods Resources */ = {
			isa = PBXShellScriptBuildPhase;
			buildActionMask = 2147483647;
			files = (
			);
			inputPaths = (
			);
			name = "[CP] Copy Pods Resources";
			outputPaths = (
			);
			runOnlyForDeploymentPostprocessing = 0;
			shellPath = /bin/sh;
			shellScript = "\"${SRCROOT}/Pods/Target Support Files/Pods-FacebookAPI/Pods-FacebookAPI-resources.sh\"\n";
			showEnvVarsInLog = 0;
		};
		AC81C2ABE825DEFC25166C88 /* [CP] Embed Pods Frameworks */ = {
			isa = PBXShellScriptBuildPhase;
			buildActionMask = 2147483647;
			files = (
			);
			inputPaths = (
			);
			name = "[CP] Embed Pods Frameworks";
			outputPaths = (
			);
			runOnlyForDeploymentPostprocessing = 0;
			shellPath = /bin/sh;
			shellScript = "\"${SRCROOT}/Pods/Target Support Files/Pods-FacebookAPITests/Pods-FacebookAPITests-frameworks.sh\"\n";
			showEnvVarsInLog = 0;
		};
/* End PBXShellScriptBuildPhase section */

/* Begin PBXSourcesBuildPhase section */
		D2CF57821E83398C00090788 /* Sources */ = {
			isa = PBXSourcesBuildPhase;
			buildActionMask = 2147483647;
			files = (
				5DD151441E8B02C100BB07DF /* ContributeToGoalViewController.swift in Sources */,
				D2CF57AC1E844BB600090788 /* User.swift in Sources */,
				5D3264D81E89A6EA0045B126 /* StripeAuthorizationViewController.swift in Sources */,
				D2CF57B01E844BCE00090788 /* DataManager.swift in Sources */,
				DA730B231E8B2D2C00F6D2A1 /* FirebaseManager.swift in Sources */,
				DAF105ED1E89C4F3008F0FD6 /* FirebaseUser.swift in Sources */,
				5DB4B1751E89D91E00D7EF66 /* StripeConnectManager.swift in Sources */,
				D2CF57AA1E83430D00090788 /* DetailViewController.swift in Sources */,
				5DB4B1731E89D76F00D7EF66 /* NetworkManager.swift in Sources */,
				5DB4B16F1E89D21700D7EF66 /* StripeAPIClient.swift in Sources */,
				D2CF578C1E83398C00090788 /* ViewController.swift in Sources */,
				D234F45D1E8B2B47008E0BD8 /* AddNewItemViewController.swift in Sources */,
				D2CF578A1E83398C00090788 /* AppDelegate.swift in Sources */,
				5D5EC3031E8A27AD000D9ADC /* PartyItem.swift in Sources */,
				D2CF57AE1E844BC300090788 /* Event.swift in Sources */,
				5D3264DC1E89AF5A0045B126 /* HostGoalsViewController.swift in Sources */,
				D283C5D31E88B60000A40FBC /* CoverPhoto.swift in Sources */,
				5D3264E21E89B0D90045B126 /* AttendingGoalsViewController.swift in Sources */,
				D2D0F1891E8894ED000F2205 /* Admins.swift in Sources */,
				5DB4B1711E89D4AD00D7EF66 /* ConnectToStripeViewController.swift in Sources */,
				D2CF57B21E848C1E00090788 /* MasterTableViewController.swift in Sources */,
				D2D0F1871E8894DE000F2205 /* Attendees.swift in Sources */,
				5D5EC3011E8A2541000D9ADC /* GoalsTableViewCell.swift in Sources */,
			);
			runOnlyForDeploymentPostprocessing = 0;
		};
		D2CF57961E83398D00090788 /* Sources */ = {
			isa = PBXSourcesBuildPhase;
			buildActionMask = 2147483647;
			files = (
				D2CF579F1E83398D00090788 /* FacebookAPITests.swift in Sources */,
			);
			runOnlyForDeploymentPostprocessing = 0;
		};
/* End PBXSourcesBuildPhase section */

/* Begin PBXTargetDependency section */
		D2CF579C1E83398D00090788 /* PBXTargetDependency */ = {
			isa = PBXTargetDependency;
			target = D2CF57851E83398C00090788 /* FacebookAPI */;
			targetProxy = D2CF579B1E83398D00090788 /* PBXContainerItemProxy */;
		};
/* End PBXTargetDependency section */

/* Begin PBXVariantGroup section */
		D2CF57921E83398C00090788 /* LaunchScreen.storyboard */ = {
			isa = PBXVariantGroup;
			children = (
				D2CF57931E83398C00090788 /* Base */,
			);
			name = LaunchScreen.storyboard;
			sourceTree = "<group>";
		};
/* End PBXVariantGroup section */

/* Begin XCBuildConfiguration section */
		D2CF57A11E83398D00090788 /* Debug */ = {
			isa = XCBuildConfiguration;
			buildSettings = {
				ALWAYS_SEARCH_USER_PATHS = NO;
				CLANG_ANALYZER_NONNULL = YES;
				CLANG_CXX_LANGUAGE_STANDARD = "gnu++0x";
				CLANG_CXX_LIBRARY = "libc++";
				CLANG_ENABLE_MODULES = YES;
				CLANG_ENABLE_OBJC_ARC = YES;
				CLANG_WARN_BOOL_CONVERSION = YES;
				CLANG_WARN_CONSTANT_CONVERSION = YES;
				CLANG_WARN_DIRECT_OBJC_ISA_USAGE = YES_ERROR;
				CLANG_WARN_DOCUMENTATION_COMMENTS = YES;
				CLANG_WARN_EMPTY_BODY = YES;
				CLANG_WARN_ENUM_CONVERSION = YES;
				CLANG_WARN_INFINITE_RECURSION = YES;
				CLANG_WARN_INT_CONVERSION = YES;
				CLANG_WARN_OBJC_ROOT_CLASS = YES_ERROR;
				CLANG_WARN_SUSPICIOUS_MOVE = YES;
				CLANG_WARN_UNREACHABLE_CODE = YES;
				CLANG_WARN__DUPLICATE_METHOD_MATCH = YES;
				"CODE_SIGN_IDENTITY[sdk=iphoneos*]" = "iPhone Developer";
				COPY_PHASE_STRIP = NO;
				DEBUG_INFORMATION_FORMAT = dwarf;
				ENABLE_STRICT_OBJC_MSGSEND = YES;
				ENABLE_TESTABILITY = YES;
				GCC_C_LANGUAGE_STANDARD = gnu99;
				GCC_DYNAMIC_NO_PIC = NO;
				GCC_NO_COMMON_BLOCKS = YES;
				GCC_OPTIMIZATION_LEVEL = 0;
				GCC_PREPROCESSOR_DEFINITIONS = (
					"DEBUG=1",
					"$(inherited)",
				);
				GCC_WARN_64_TO_32_BIT_CONVERSION = YES;
				GCC_WARN_ABOUT_RETURN_TYPE = YES_ERROR;
				GCC_WARN_UNDECLARED_SELECTOR = YES;
				GCC_WARN_UNINITIALIZED_AUTOS = YES_AGGRESSIVE;
				GCC_WARN_UNUSED_FUNCTION = YES;
				GCC_WARN_UNUSED_VARIABLE = YES;
				IPHONEOS_DEPLOYMENT_TARGET = 10.2;
				MTL_ENABLE_DEBUG_INFO = YES;
				ONLY_ACTIVE_ARCH = YES;
				SDKROOT = iphoneos;
				SWIFT_ACTIVE_COMPILATION_CONDITIONS = DEBUG;
				SWIFT_OPTIMIZATION_LEVEL = "-Onone";
				TARGETED_DEVICE_FAMILY = "1,2";
			};
			name = Debug;
		};
		D2CF57A21E83398D00090788 /* Release */ = {
			isa = XCBuildConfiguration;
			buildSettings = {
				ALWAYS_SEARCH_USER_PATHS = NO;
				CLANG_ANALYZER_NONNULL = YES;
				CLANG_CXX_LANGUAGE_STANDARD = "gnu++0x";
				CLANG_CXX_LIBRARY = "libc++";
				CLANG_ENABLE_MODULES = YES;
				CLANG_ENABLE_OBJC_ARC = YES;
				CLANG_WARN_BOOL_CONVERSION = YES;
				CLANG_WARN_CONSTANT_CONVERSION = YES;
				CLANG_WARN_DIRECT_OBJC_ISA_USAGE = YES_ERROR;
				CLANG_WARN_DOCUMENTATION_COMMENTS = YES;
				CLANG_WARN_EMPTY_BODY = YES;
				CLANG_WARN_ENUM_CONVERSION = YES;
				CLANG_WARN_INFINITE_RECURSION = YES;
				CLANG_WARN_INT_CONVERSION = YES;
				CLANG_WARN_OBJC_ROOT_CLASS = YES_ERROR;
				CLANG_WARN_SUSPICIOUS_MOVE = YES;
				CLANG_WARN_UNREACHABLE_CODE = YES;
				CLANG_WARN__DUPLICATE_METHOD_MATCH = YES;
				"CODE_SIGN_IDENTITY[sdk=iphoneos*]" = "iPhone Developer";
				COPY_PHASE_STRIP = NO;
				DEBUG_INFORMATION_FORMAT = "dwarf-with-dsym";
				ENABLE_NS_ASSERTIONS = NO;
				ENABLE_STRICT_OBJC_MSGSEND = YES;
				GCC_C_LANGUAGE_STANDARD = gnu99;
				GCC_NO_COMMON_BLOCKS = YES;
				GCC_WARN_64_TO_32_BIT_CONVERSION = YES;
				GCC_WARN_ABOUT_RETURN_TYPE = YES_ERROR;
				GCC_WARN_UNDECLARED_SELECTOR = YES;
				GCC_WARN_UNINITIALIZED_AUTOS = YES_AGGRESSIVE;
				GCC_WARN_UNUSED_FUNCTION = YES;
				GCC_WARN_UNUSED_VARIABLE = YES;
				IPHONEOS_DEPLOYMENT_TARGET = 10.2;
				MTL_ENABLE_DEBUG_INFO = NO;
				SDKROOT = iphoneos;
				SWIFT_OPTIMIZATION_LEVEL = "-Owholemodule";
				TARGETED_DEVICE_FAMILY = "1,2";
				VALIDATE_PRODUCT = YES;
			};
			name = Release;
		};
		D2CF57A41E83398D00090788 /* Debug */ = {
			isa = XCBuildConfiguration;
			baseConfigurationReference = 17F04A93C80B417EE080ED97 /* Pods-FacebookAPI.debug.xcconfig */;
			buildSettings = {
				ASSETCATALOG_COMPILER_APPICON_NAME = AppIcon;
				DEVELOPMENT_TEAM = WV7WWTD5PV;
				INFOPLIST_FILE = FacebookAPI/Info.plist;
				IPHONEOS_DEPLOYMENT_TARGET = 10.0;
				LD_RUNPATH_SEARCH_PATHS = "$(inherited) @executable_path/Frameworks";
				PRODUCT_BUNDLE_IDENTIFIER = scott847.FacebookAPI;
				PRODUCT_NAME = "$(TARGET_NAME)";
				SWIFT_VERSION = 3.0;
			};
			name = Debug;
		};
		D2CF57A51E83398D00090788 /* Release */ = {
			isa = XCBuildConfiguration;
			baseConfigurationReference = CA0C0CDA7F39768C6F6BC99B /* Pods-FacebookAPI.release.xcconfig */;
			buildSettings = {
				ASSETCATALOG_COMPILER_APPICON_NAME = AppIcon;
				DEVELOPMENT_TEAM = WV7WWTD5PV;
				INFOPLIST_FILE = FacebookAPI/Info.plist;
				IPHONEOS_DEPLOYMENT_TARGET = 10.0;
				LD_RUNPATH_SEARCH_PATHS = "$(inherited) @executable_path/Frameworks";
				PRODUCT_BUNDLE_IDENTIFIER = scott847.FacebookAPI;
				PRODUCT_NAME = "$(TARGET_NAME)";
				SWIFT_VERSION = 3.0;
			};
			name = Release;
		};
		D2CF57A71E83398D00090788 /* Debug */ = {
			isa = XCBuildConfiguration;
			baseConfigurationReference = 2B51F5717598702748988BF2 /* Pods-FacebookAPITests.debug.xcconfig */;
			buildSettings = {
				ALWAYS_EMBED_SWIFT_STANDARD_LIBRARIES = YES;
				BUNDLE_LOADER = "$(TEST_HOST)";
				DEVELOPMENT_TEAM = F9J4B49FUC;
				INFOPLIST_FILE = FacebookAPITests/Info.plist;
				LD_RUNPATH_SEARCH_PATHS = "$(inherited) @executable_path/Frameworks @loader_path/Frameworks";
				PRODUCT_BUNDLE_IDENTIFIER = scott847.FacebookAPITests;
				PRODUCT_NAME = "$(TARGET_NAME)";
				SWIFT_VERSION = 3.0;
				TEST_HOST = "$(BUILT_PRODUCTS_DIR)/FacebookAPI.app/FacebookAPI";
			};
			name = Debug;
		};
		D2CF57A81E83398D00090788 /* Release */ = {
			isa = XCBuildConfiguration;
			baseConfigurationReference = 37926D5429B7C1CEEAB3A942 /* Pods-FacebookAPITests.release.xcconfig */;
			buildSettings = {
				ALWAYS_EMBED_SWIFT_STANDARD_LIBRARIES = YES;
				BUNDLE_LOADER = "$(TEST_HOST)";
				DEVELOPMENT_TEAM = F9J4B49FUC;
				INFOPLIST_FILE = FacebookAPITests/Info.plist;
				LD_RUNPATH_SEARCH_PATHS = "$(inherited) @executable_path/Frameworks @loader_path/Frameworks";
				PRODUCT_BUNDLE_IDENTIFIER = scott847.FacebookAPITests;
				PRODUCT_NAME = "$(TARGET_NAME)";
				SWIFT_VERSION = 3.0;
				TEST_HOST = "$(BUILT_PRODUCTS_DIR)/FacebookAPI.app/FacebookAPI";
			};
			name = Release;
		};
/* End XCBuildConfiguration section */

/* Begin XCConfigurationList section */
		D2CF57811E83398C00090788 /* Build configuration list for PBXProject "FacebookAPI" */ = {
			isa = XCConfigurationList;
			buildConfigurations = (
				D2CF57A11E83398D00090788 /* Debug */,
				D2CF57A21E83398D00090788 /* Release */,
			);
			defaultConfigurationIsVisible = 0;
			defaultConfigurationName = Release;
		};
		D2CF57A31E83398D00090788 /* Build configuration list for PBXNativeTarget "FacebookAPI" */ = {
			isa = XCConfigurationList;
			buildConfigurations = (
				D2CF57A41E83398D00090788 /* Debug */,
				D2CF57A51E83398D00090788 /* Release */,
			);
			defaultConfigurationIsVisible = 0;
			defaultConfigurationName = Release;
		};
		D2CF57A61E83398D00090788 /* Build configuration list for PBXNativeTarget "FacebookAPITests" */ = {
			isa = XCConfigurationList;
			buildConfigurations = (
				D2CF57A71E83398D00090788 /* Debug */,
				D2CF57A81E83398D00090788 /* Release */,
			);
			defaultConfigurationIsVisible = 0;
			defaultConfigurationName = Release;
		};
/* End XCConfigurationList section */
	};
	rootObject = D2CF577E1E83398C00090788 /* Project object */;
}
